
Microsoft Visual Studio Solution File, Format Version 9.00
# Visual Studio 2005
Project("{8BC9CEB8-8B4A-11D0-8D11-00A0C91BC942}") = "looklink.WNET", "looklink.WNET.vcproj", "{0A028847-2323-4B6F-9887-7CFCC3AF9F6F}"
EndProject
Project("{8BC9CEB8-8B4A-11D0-8D11-00A0C91BC942}") = "looklink.WLH", "looklink.WLH.vcproj", "{311E4268-189D-413F-93ED-DCA5120DD5EC}"
EndProject
Global
	GlobalSection(SolutionConfigurationPlatforms) = preSolution
		WLH checked (PREfast)|Win32 = WLH checked (PREfast)|Win32
		WLH checked|Win32 = WLH checked|Win32
		WLH free|Win32 = WLH free|Win32
		WLH2K checked (PREfast)|Win32 = WLH2K checked (PREfast)|Win32
		WLH2K checked|Win32 = WLH2K checked|Win32
		WLH2K free|Win32 = WLH2K free|Win32
		WLHNET checked (PREfast)|Win32 = WLHNET checked (PREfast)|Win32
		WLHNET checked|Win32 = WLHNET checked|Win32
		WLHNET free|Win32 = WLHNET free|Win32
		WLHNETX64 checked (PREfast)|Win32 = WLHNETX64 checked (PREfast)|Win32
		WLHNETX64 checked|Win32 = WLHNETX64 checked|Win32
		WLHNETX64 free|Win32 = WLHNETX64 free|Win32
		WLHX64 checked (PREfast)|Win32 = WLHX64 checked (PREfast)|Win32
		WLHX64 checked|Win32 = WLHX64 checked|Win32
		WLHX64 free|Win32 = WLHX64 free|Win32
		WLHXP checked (PREfast)|Win32 = WLHXP checked (PREfast)|Win32
		WLHXP checked|Win32 = WLHXP checked|Win32
		WLHXP free|Win32 = WLHXP free|Win32
		WNET checked (PREfast)|Win32 = WNET checked (PREfast)|Win32
		WNET checked|Win32 = WNET checked|Win32
		WNET free|Win32 = WNET free|Win32
		WNET2K checked (PREfast)|Win32 = WNET2K checked (PREfast)|Win32
		WNET2K checked|Win32 = WNET2K checked|Win32
		WNET2K free|Win32 = WNET2K free|Win32
		WNETAMD64 checked (PREfast)|Win32 = WNETAMD64 checked (PREfast)|Win32
		WNETAMD64 checked|Win32 = WNETAMD64 checked|Win32
		WNETAMD64 free|Win32 = WNETAMD64 free|Win32
		WNETXP checked (PREfast)|Win32 = WNETXP checked (PREfast)|Win32
		WNETXP checked|Win32 = WNETXP checked|Win32
		WNETXP free|Win32 = WNETXP free|Win32
	EndGlobalSection
	GlobalSection(ProjectConfigurationPlatforms) = postSolution
		{0A028847-2323-4B6F-9887-7CFCC3AF9F6F}.WLH checked (PREfast)|Win32.ActiveCfg = WNET2K checked (PREfast)|Win32
		{0A028847-2323-4B6F-9887-7CFCC3AF9F6F}.WLH checked|Win32.ActiveCfg = WNET2K checked (PREfast)|Win32
		{0A028847-2323-4B6F-9887-7CFCC3AF9F6F}.WLH free|Win32.ActiveCfg = WNET2K checked (PREfast)|Win32
		{0A028847-2323-4B6F-9887-7CFCC3AF9F6F}.WLH2K checked (PREfast)|Win32.ActiveCfg = WNET2K checked (PREfast)|Win32
		{0A028847-2323-4B6F-9887-7CFCC3AF9F6F}.WLH2K checked|Win32.ActiveCfg = WNET2K checked (PREfast)|Win32
		{0A028847-2323-4B6F-9887-7CFCC3AF9F6F}.WLH2K free|Win32.ActiveCfg = WNET2K checked (PREfast)|Win32
		{0A028847-2323-4B6F-9887-7CFCC3AF9F6F}.WLHNET checked (PREfast)|Win32.ActiveCfg = WNET2K checked (PREfast)|Win32
		{0A028847-2323-4B6F-9887-7CFCC3AF9F6F}.WLHNET checked|Win32.ActiveCfg = WNET2K checked (PREfast)|Win32
		{0A028847-2323-4B6F-9887-7CFCC3AF9F6F}.WLHNET free|Win32.ActiveCfg = WNET2K checked (PREfast)|Win32
		{0A028847-2323-4B6F-9887-7CFCC3AF9F6F}.WLHNETX64 checked (PREfast)|Win32.ActiveCfg = WNET2K checked (PREfast)|Win32
		{0A028847-2323-4B6F-9887-7CFCC3AF9F6F}.WLHNETX64 checked|Win32.ActiveCfg = WNET2K checked (PREfast)|Win32
		{0A028847-2323-4B6F-9887-7CFCC3AF9F6F}.WLHNETX64 free|Win32.ActiveCfg = WNET2K checked (PREfast)|Win32
		{0A028847-2323-4B6F-9887-7CFCC3AF9F6F}.WLHX64 checked (PREfast)|Win32.ActiveCfg = WNET2K checked (PREfast)|Win32
		{0A028847-2323-4B6F-9887-7CFCC3AF9F6F}.WLHX64 checked|Win32.ActiveCfg = WNET2K checked (PREfast)|Win32
		{0A028847-2323-4B6F-9887-7CFCC3AF9F6F}.WLHX64 free|Win32.ActiveCfg = WNET2K checked (PREfast)|Win32
		{0A028847-2323-4B6F-9887-7CFCC3AF9F6F}.WLHXP checked (PREfast)|Win32.ActiveCfg = WNET2K checked (PREfast)|Win32
		{0A028847-2323-4B6F-9887-7CFCC3AF9F6F}.WLHXP checked|Win32.ActiveCfg = WNET2K checked (PREfast)|Win32
		{0A028847-2323-4B6F-9887-7CFCC3AF9F6F}.WLHXP free|Win32.ActiveCfg = WNET2K checked (PREfast)|Win32
		{0A028847-2323-4B6F-9887-7CFCC3AF9F6F}.WNET checked (PREfast)|Win32.ActiveCfg = WNET checked (PREfast)|Win32
		{0A028847-2323-4B6F-9887-7CFCC3AF9F6F}.WNET checked (PREfast)|Win32.Build.0 = WNET checked (PREfast)|Win32
		{0A028847-2323-4B6F-9887-7CFCC3AF9F6F}.WNET checked (PREfast)|Win32.Deploy.0 = WNET checked (PREfast)|Win32
		{0A028847-2323-4B6F-9887-7CFCC3AF9F6F}.WNET checked|Win32.ActiveCfg = WNET checked|Win32
		{0A028847-2323-4B6F-9887-7CFCC3AF9F6F}.WNET checked|Win32.Build.0 = WNET checked|Win32
		{0A028847-2323-4B6F-9887-7CFCC3AF9F6F}.WNET checked|Win32.Deploy.0 = WNET checked|Win32
		{0A028847-2323-4B6F-9887-7CFCC3AF9F6F}.WNET free|Win32.ActiveCfg = WNET free|Win32
		{0A028847-2323-4B6F-9887-7CFCC3AF9F6F}.WNET free|Win32.Build.0 = WNET free|Win32
		{0A028847-2323-4B6F-9887-7CFCC3AF9F6F}.WNET free|Win32.Deploy.0 = WNET free|Win32
		{0A028847-2323-4B6F-9887-7CFCC3AF9F6F}.WNET2K checked (PREfast)|Win32.ActiveCfg = WNET2K checked (PREfast)|Win32
		{0A028847-2323-4B6F-9887-7CFCC3AF9F6F}.WNET2K checked (PREfast)|Win32.Build.0 = WNET2K checked (PREfast)|Win32
		{0A028847-2323-4B6F-9887-7CFCC3AF9F6F}.WNET2K checked (PREfast)|Win32.Deploy.0 = WNET2K checked (PREfast)|Win32
		{0A028847-2323-4B6F-9887-7CFCC3AF9F6F}.WNET2K checked|Win32.ActiveCfg = WNET2K checked|Win32
		{0A028847-2323-4B6F-9887-7CFCC3AF9F6F}.WNET2K checked|Win32.Build.0 = WNET2K checked|Win32
		{0A028847-2323-4B6F-9887-7CFCC3AF9F6F}.WNET2K checked|Win32.Deploy.0 = WNET2K checked|Win32
		{0A028847-2323-4B6F-9887-7CFCC3AF9F6F}.WNET2K free|Win32.ActiveCfg = WNET2K free|Win32
		{0A028847-2323-4B6F-9887-7CFCC3AF9F6F}.WNET2K free|Win32.Build.0 = WNET2K free|Win32
		{0A028847-2323-4B6F-9887-7CFCC3AF9F6F}.WNET2K free|Win32.Deploy.0 = WNET2K free|Win32
		{0A028847-2323-4B6F-9887-7CFCC3AF9F6F}.WNETAMD64 checked (PREfast)|Win32.ActiveCfg = WNETAMD64 checked (PREfast)|Win32
		{0A028847-2323-4B6F-9887-7CFCC3AF9F6F}.WNETAMD64 checked (PREfast)|Win32.Build.0 = WNETAMD64 checked (PREfast)|Win32
		{0A028847-2323-4B6F-9887-7CFCC3AF9F6F}.WNETAMD64 checked (PREfast)|Win32.Deploy.0 = WNETAMD64 checked (PREfast)|Win32
		{0A028847-2323-4B6F-9887-7CFCC3AF9F6F}.WNETAMD64 checked|Win32.ActiveCfg = WNETAMD64 checked|Win32
		{0A028847-2323-4B6F-9887-7CFCC3AF9F6F}.WNETAMD64 checked|Win32.Build.0 = WNETAMD64 checked|Win32
		{0A028847-2323-4B6F-9887-7CFCC3AF9F6F}.WNETAMD64 checked|Win32.Deploy.0 = WNETAMD64 checked|Win32
		{0A028847-2323-4B6F-9887-7CFCC3AF9F6F}.WNETAMD64 free|Win32.ActiveCfg = WNETAMD64 free|Win32
		{0A028847-2323-4B6F-9887-7CFCC3AF9F6F}.WNETAMD64 free|Win32.Build.0 = WNETAMD64 free|Win32
		{0A028847-2323-4B6F-9887-7CFCC3AF9F6F}.WNETAMD64 free|Win32.Deploy.0 = WNETAMD64 free|Win32
		{0A028847-2323-4B6F-9887-7CFCC3AF9F6F}.WNETXP checked (PREfast)|Win32.ActiveCfg = WNETXP checked (PREfast)|Win32
		{0A028847-2323-4B6F-9887-7CFCC3AF9F6F}.WNETXP checked (PREfast)|Win32.Build.0 = WNETXP checked (PREfast)|Win32
		{0A028847-2323-4B6F-9887-7CFCC3AF9F6F}.WNETXP checked (PREfast)|Win32.Deploy.0 = WNETXP checked (PREfast)|Win32
		{0A028847-2323-4B6F-9887-7CFCC3AF9F6F}.WNETXP checked|Win32.ActiveCfg = WNETXP checked|Win32
		{0A028847-2323-4B6F-9887-7CFCC3AF9F6F}.WNETXP checked|Win32.Build.0 = WNETXP checked|Win32
		{0A028847-2323-4B6F-9887-7CFCC3AF9F6F}.WNETXP checked|Win32.Deploy.0 = WNETXP checked|Win32
		{0A028847-2323-4B6F-9887-7CFCC3AF9F6F}.WNETXP free|Win32.ActiveCfg = WNETXP free|Win32
		{0A028847-2323-4B6F-9887-7CFCC3AF9F6F}.WNETXP free|Win32.Build.0 = WNETXP free|Win32
		{0A028847-2323-4B6F-9887-7CFCC3AF9F6F}.WNETXP free|Win32.Deploy.0 = WNETXP free|Win32
		{311E4268-189D-413F-93ED-DCA5120DD5EC}.WLH checked (PREfast)|Win32.ActiveCfg = WLH checked (PREfast)|Win32
		{311E4268-189D-413F-93ED-DCA5120DD5EC}.WLH checked (PREfast)|Win32.Build.0 = WLH checked (PREfast)|Win32
		{311E4268-189D-413F-93ED-DCA5120DD5EC}.WLH checked (PREfast)|Win32.Deploy.0 = WLH checked (PREfast)|Win32
		{311E4268-189D-413F-93ED-DCA5120DD5EC}.WLH checked|Win32.ActiveCfg = WLH checked|Win32
		{311E4268-189D-413F-93ED-DCA5120DD5EC}.WLH checked|Win32.Build.0 = WLH checked|Win32
		{311E4268-189D-413F-93ED-DCA5120DD5EC}.WLH checked|Win32.Deploy.0 = WLH checked|Win32
		{311E4268-189D-413F-93ED-DCA5120DD5EC}.WLH free|Win32.ActiveCfg = WLH free|Win32
		{311E4268-189D-413F-93ED-DCA5120DD5EC}.WLH free|Win32.Build.0 = WLH free|Win32
		{311E4268-189D-413F-93ED-DCA5120DD5EC}.WLH free|Win32.Deploy.0 = WLH free|Win32
		{311E4268-189D-413F-93ED-DCA5120DD5EC}.WLH2K checked (PREfast)|Win32.ActiveCfg = WLH2K checked (PREfast)|Win32
		{311E4268-189D-413F-93ED-DCA5120DD5EC}.WLH2K checked (PREfast)|Win32.Build.0 = WLH2K checked (PREfast)|Win32
		{311E4268-189D-413F-93ED-DCA5120DD5EC}.WLH2K checked (PREfast)|Win32.Deploy.0 = WLH2K checked (PREfast)|Win32
		{311E4268-189D-413F-93ED-DCA5120DD5EC}.WLH2K checked|Win32.ActiveCfg = WLH2K checked|Win32
		{311E4268-189D-413F-93ED-DCA5120DD5EC}.WLH2K checked|Win32.Build.0 = WLH2K checked|Win32
		{311E4268-189D-413F-93ED-DCA5120DD5EC}.WLH2K checked|Win32.Deploy.0 = WLH2K checked|Win32
		{311E4268-189D-413F-93ED-DCA5120DD5EC}.WLH2K free|Win32.ActiveCfg = WLH2K free|Win32
		{311E4268-189D-413F-93ED-DCA5120DD5EC}.WLH2K free|Win32.Build.0 = WLH2K free|Win32
		{311E4268-189D-413F-93ED-DCA5120DD5EC}.WLH2K free|Win32.Deploy.0 = WLH2K free|Win32
		{311E4268-189D-413F-93ED-DCA5120DD5EC}.WLHNET checked (PREfast)|Win32.ActiveCfg = WLHNET checked (PREfast)|Win32
		{311E4268-189D-413F-93ED-DCA5120DD5EC}.WLHNET checked (PREfast)|Win32.Build.0 = WLHNET checked (PREfast)|Win32
		{311E4268-189D-413F-93ED-DCA5120DD5EC}.WLHNET checked (PREfast)|Win32.Deploy.0 = WLHNET checked (PREfast)|Win32
		{311E4268-189D-413F-93ED-DCA5120DD5EC}.WLHNET checked|Win32.ActiveCfg = WLHNET checked|Win32
		{311E4268-189D-413F-93ED-DCA5120DD5EC}.WLHNET checked|Win32.Build.0 = WLHNET checked|Win32
		{311E4268-189D-413F-93ED-DCA5120DD5EC}.WLHNET checked|Win32.Deploy.0 = WLHNET checked|Win32
		{311E4268-189D-413F-93ED-DCA5120DD5EC}.WLHNET free|Win32.ActiveCfg = WLHNET free|Win32
		{311E4268-189D-413F-93ED-DCA5120DD5EC}.WLHNET free|Win32.Build.0 = WLHNET free|Win32
		{311E4268-189D-413F-93ED-DCA5120DD5EC}.WLHNET free|Win32.Deploy.0 = WLHNET free|Win32
		{311E4268-189D-413F-93ED-DCA5120DD5EC}.WLHNETX64 checked (PREfast)|Win32.ActiveCfg = WLHNETX64 checked (PREfast)|Win32
		{311E4268-189D-413F-93ED-DCA5120DD5EC}.WLHNETX64 checked (PREfast)|Win32.Build.0 = WLHNETX64 checked (PREfast)|Win32
		{311E4268-189D-413F-93ED-DCA5120DD5EC}.WLHNETX64 checked (PREfast)|Win32.Deploy.0 = WLHNETX64 checked (PREfast)|Win32
		{311E4268-189D-413F-93ED-DCA5120DD5EC}.WLHNETX64 checked|Win32.ActiveCfg = WLHNETX64 checked|Win32
		{311E4268-189D-413F-93ED-DCA5120DD5EC}.WLHNETX64 checked|Win32.Build.0 = WLHNETX64 checked|Win32
		{311E4268-189D-413F-93ED-DCA5120DD5EC}.WLHNETX64 checked|Win32.Deploy.0 = WLHNETX64 checked|Win32
		{311E4268-189D-413F-93ED-DCA5120DD5EC}.WLHNETX64 free|Win32.ActiveCfg = WLHNETX64 free|Win32
		{311E4268-189D-413F-93ED-DCA5120DD5EC}.WLHNETX64 free|Win32.Build.0 = WLHNETX64 free|Win32
		{311E4268-189D-413F-93ED-DCA5120DD5EC}.WLHNETX64 free|Win32.Deploy.0 = WLHNETX64 free|Win32
		{311E4268-189D-413F-93ED-DCA5120DD5EC}.WLHX64 checked (PREfast)|Win32.ActiveCfg = WLHX64 checked (PREfast)|Win32
		{311E4268-189D-413F-93ED-DCA5120DD5EC}.WLHX64 checked (PREfast)|Win32.Build.0 = WLHX64 checked (PREfast)|Win32
		{311E4268-189D-413F-93ED-DCA5120DD5EC}.WLHX64 checked (PREfast)|Win32.Deploy.0 = WLHX64 checked (PREfast)|Win32
		{311E4268-189D-413F-93ED-DCA5120DD5EC}.WLHX64 checked|Win32.ActiveCfg = WLHX64 checked|Win32
		{311E4268-189D-413F-93ED-DCA5120DD5EC}.WLHX64 checked|Win32.Build.0 = WLHX64 checked|Win32
		{311E4268-189D-413F-93ED-DCA5120DD5EC}.WLHX64 checked|Win32.Deploy.0 = WLHX64 checked|Win32
		{311E4268-189D-413F-93ED-DCA5120DD5EC}.WLHX64 free|Win32.ActiveCfg = WLHX64 free|Win32
		{311E4268-189D-413F-93ED-DCA5120DD5EC}.WLHX64 free|Win32.Build.0 = WLHX64 free|Win32
		{311E4268-189D-413F-93ED-DCA5120DD5EC}.WLHX64 free|Win32.Deploy.0 = WLHX64 free|Win32
		{311E4268-189D-413F-93ED-DCA5120DD5EC}.WLHXP checked (PREfast)|Win32.ActiveCfg = WLHXP checked (PREfast)|Win32
		{311E4268-189D-413F-93ED-DCA5120DD5EC}.WLHXP checked (PREfast)|Win32.Build.0 = WLHXP checked (PREfast)|Win32
		{311E4268-189D-413F-93ED-DCA5120DD5EC}.WLHXP checked (PREfast)|Win32.Deploy.0 = WLHXP checked (PREfast)|Win32
		{311E4268-189D-413F-93ED-DCA5120DD5EC}.WLHXP checked|Win32.ActiveCfg = WLHXP checked|Win32
		{311E4268-189D-413F-93ED-DCA5120DD5EC}.WLHXP checked|Win32.Build.0 = WLHXP checked|Win32
		{311E4268-189D-413F-93ED-DCA5120DD5EC}.WLHXP checked|Win32.Deploy.0 = WLHXP checked|Win32
		{311E4268-189D-413F-93ED-DCA5120DD5EC}.WLHXP free|Win32.ActiveCfg = WLHXP free|Win32
		{311E4268-189D-413F-93ED-DCA5120DD5EC}.WLHXP free|Win32.Build.0 = WLHXP free|Win32
		{311E4268-189D-413F-93ED-DCA5120DD5EC}.WLHXP free|Win32.Deploy.0 = WLHXP free|Win32
		{311E4268-189D-413F-93ED-DCA5120DD5EC}.WNET checked (PREfast)|Win32.ActiveCfg = WLHX64 checked (PREfast)|Win32
		{311E4268-189D-413F-93ED-DCA5120DD5EC}.WNET checked|Win32.ActiveCfg = WLHX64 checked (PREfast)|Win32
		{311E4268-189D-413F-93ED-DCA5120DD5EC}.WNET free|Win32.ActiveCfg = WLHX64 checked (PREfast)|Win32
		{311E4268-189D-413F-93ED-DCA5120DD5EC}.WNET2K checked (PREfast)|Win32.ActiveCfg = WLHX64 checked (PREfast)|Win32
		{311E4268-189D-413F-93ED-DCA5120DD5EC}.WNET2K checked|Win32.ActiveCfg = WLHX64 checked (PREfast)|Win32
		{311E4268-189D-413F-93ED-DCA5120DD5EC}.WNET2K free|Win32.ActiveCfg = WLHX64 checked (PREfast)|Win32
		{311E4268-189D-413F-93ED-DCA5120DD5EC}.WNETAMD64 checked (PREfast)|Win32.ActiveCfg = WLHX64 checked (PREfast)|Win32
		{311E4268-189D-413F-93ED-DCA5120DD5EC}.WNETAMD64 checked|Win32.ActiveCfg = WLHX64 checked (PREfast)|Win32
		{311E4268-189D-413F-93ED-DCA5120DD5EC}.WNETAMD64 free|Win32.ActiveCfg = WLHX64 checked (PREfast)|Win32
		{311E4268-189D-413F-93ED-DCA5120DD5EC}.WNETXP checked (PREfast)|Win32.ActiveCfg = WLHX64 checked (PREfast)|Win32
		{311E4268-189D-413F-93ED-DCA5120DD5EC}.WNETXP checked|Win32.ActiveCfg = WLHX64 checked (PREfast)|Win32
		{311E4268-189D-413F-93ED-DCA5120DD5EC}.WNETXP free|Win32.ActiveCfg = WLHX64 checked (PREfast)|Win32
	EndGlobalSection
	GlobalSection(SolutionProperties) = preSolution
		HideSolutionNode = FALSE
	EndGlobalSection
EndGlobal
